// !$*UTF8*$!
{
	archiveVersion = 1;
	classes = {
	};
	objectVersion = 46;
	objects = {

/* Begin PBXBuildFile section */
		AE2308C51695824C00355A37 /* AFHTTPClient.m in Sources */ = {isa = PBXBuildFile; fileRef = AE2308B31695824C00355A37 /* AFHTTPClient.m */; };
		AE2308C61695824C00355A37 /* AFHTTPRequestOperation.m in Sources */ = {isa = PBXBuildFile; fileRef = AE2308B51695824C00355A37 /* AFHTTPRequestOperation.m */; };
		AE2308C71695824C00355A37 /* AFImageRequestOperation.m in Sources */ = {isa = PBXBuildFile; fileRef = AE2308B71695824C00355A37 /* AFImageRequestOperation.m */; };
		AE2308C81695824C00355A37 /* AFJSONRequestOperation.m in Sources */ = {isa = PBXBuildFile; fileRef = AE2308B91695824C00355A37 /* AFJSONRequestOperation.m */; };
		AE2308C91695824C00355A37 /* AFNetworkActivityIndicatorManager.m in Sources */ = {isa = PBXBuildFile; fileRef = AE2308BB1695824C00355A37 /* AFNetworkActivityIndicatorManager.m */; };
		AE2308CA1695824C00355A37 /* AFPropertyListRequestOperation.m in Sources */ = {isa = PBXBuildFile; fileRef = AE2308BE1695824C00355A37 /* AFPropertyListRequestOperation.m */; };
		AE2308CB1695824C00355A37 /* AFURLConnectionOperation.m in Sources */ = {isa = PBXBuildFile; fileRef = AE2308C01695824C00355A37 /* AFURLConnectionOperation.m */; };
		AE2308CC1695824C00355A37 /* AFXMLRequestOperation.m in Sources */ = {isa = PBXBuildFile; fileRef = AE2308C21695824C00355A37 /* AFXMLRequestOperation.m */; };
		AE2308CD1695824C00355A37 /* UIImageView+AFNetworking.m in Sources */ = {isa = PBXBuildFile; fileRef = AE2308C41695824C00355A37 /* UIImageView+AFNetworking.m */; };
		AE5CE2111691F6230043CD46 /* arrow_left_24.png in Resources */ = {isa = PBXBuildFile; fileRef = AE5CE2081691F6230043CD46 /* arrow_left_24.png */; };
		AE5CE2121691F6230043CD46 /* arrow_left_48.png in Resources */ = {isa = PBXBuildFile; fileRef = AE5CE2091691F6230043CD46 /* arrow_left_48.png */; };
		AE5CE2131691F6230043CD46 /* arrow_left_64.png in Resources */ = {isa = PBXBuildFile; fileRef = AE5CE20A1691F6230043CD46 /* arrow_left_64.png */; };
		AE5CE21D1691FEA50043CD46 /* GameViewController.m in Sources */ = {isa = PBXBuildFile; fileRef = AE5CE21C1691FEA50043CD46 /* GameViewController.m */; };
		AE5CE2251692B79F0043CD46 /* Configuration.m in Sources */ = {isa = PBXBuildFile; fileRef = AE5CE2241692B79F0043CD46 /* Configuration.m */; };
		AE850E19168EE9FE00D8F6B7 /* UIKit.framework in Frameworks */ = {isa = PBXBuildFile; fileRef = AE850E18168EE9FE00D8F6B7 /* UIKit.framework */; };
		AE850E1B168EE9FE00D8F6B7 /* Foundation.framework in Frameworks */ = {isa = PBXBuildFile; fileRef = AE850E1A168EE9FE00D8F6B7 /* Foundation.framework */; };
		AE850E1D168EE9FE00D8F6B7 /* CoreGraphics.framework in Frameworks */ = {isa = PBXBuildFile; fileRef = AE850E1C168EE9FE00D8F6B7 /* CoreGraphics.framework */; };
		AE850E23168EE9FE00D8F6B7 /* InfoPlist.strings in Resources */ = {isa = PBXBuildFile; fileRef = AE850E21168EE9FE00D8F6B7 /* InfoPlist.strings */; };
		AE850E25168EE9FE00D8F6B7 /* main.m in Sources */ = {isa = PBXBuildFile; fileRef = AE850E24168EE9FE00D8F6B7 /* main.m */; };
		AE850E29168EE9FE00D8F6B7 /* AppDelegate.m in Sources */ = {isa = PBXBuildFile; fileRef = AE850E28168EE9FE00D8F6B7 /* AppDelegate.m */; };
		AE850E2B168EE9FE00D8F6B7 /* Default.png in Resources */ = {isa = PBXBuildFile; fileRef = AE850E2A168EE9FE00D8F6B7 /* Default.png */; };
		AE850E2D168EE9FE00D8F6B7 /* Default@2x.png in Resources */ = {isa = PBXBuildFile; fileRef = AE850E2C168EE9FE00D8F6B7 /* Default@2x.png */; };
		AE850E2F168EE9FE00D8F6B7 /* Default-568h@2x.png in Resources */ = {isa = PBXBuildFile; fileRef = AE850E2E168EE9FE00D8F6B7 /* Default-568h@2x.png */; };
		AE850E37168EE9FF00D8F6B7 /* SenTestingKit.framework in Frameworks */ = {isa = PBXBuildFile; fileRef = AE850E36168EE9FF00D8F6B7 /* SenTestingKit.framework */; };
		AE850E38168EE9FF00D8F6B7 /* UIKit.framework in Frameworks */ = {isa = PBXBuildFile; fileRef = AE850E18168EE9FE00D8F6B7 /* UIKit.framework */; };
		AE850E39168EE9FF00D8F6B7 /* Foundation.framework in Frameworks */ = {isa = PBXBuildFile; fileRef = AE850E1A168EE9FE00D8F6B7 /* Foundation.framework */; };
		AE850E41168EE9FF00D8F6B7 /* InfoPlist.strings in Resources */ = {isa = PBXBuildFile; fileRef = AE850E3F168EE9FF00D8F6B7 /* InfoPlist.strings */; };
		AE850E44168EE9FF00D8F6B7 /* TapButtonTests.m in Sources */ = {isa = PBXBuildFile; fileRef = AE850E43168EE9FF00D8F6B7 /* TapButtonTests.m */; };
		AE850E4F168EED7D00D8F6B7 /* MainViewController.m in Sources */ = {isa = PBXBuildFile; fileRef = AE850E4E168EED7D00D8F6B7 /* MainViewController.m */; };
		AE850E58168F0BAA00D8F6B7 /* Localizable.strings in Resources */ = {isa = PBXBuildFile; fileRef = AE850E5A168F0BAA00D8F6B7 /* Localizable.strings */; };
		AE850E62168F0D5E00D8F6B7 /* AboutViewController.m in Sources */ = {isa = PBXBuildFile; fileRef = AE850E61168F0D5E00D8F6B7 /* AboutViewController.m */; };
		AE850E64168F0D9900D8F6B7 /* iAd.framework in Frameworks */ = {isa = PBXBuildFile; fileRef = AE850E63168F0D9900D8F6B7 /* iAd.framework */; };
		AE974CF71690534F0089D621 /* RankingViewController.m in Sources */ = {isa = PBXBuildFile; fileRef = AE974CF61690534F0089D621 /* RankingViewController.m */; };
		AE974D01169188380089D621 /* QuartzCore.framework in Frameworks */ = {isa = PBXBuildFile; fileRef = AE974CFF169188220089D621 /* QuartzCore.framework */; };
		AE9C5C0C1691C828000AAC43 /* SVProgressHUD.bundle in Resources */ = {isa = PBXBuildFile; fileRef = AE9C5C091691C828000AAC43 /* SVProgressHUD.bundle */; };
		AE9C5C0D1691C828000AAC43 /* SVProgressHUD.m in Sources */ = {isa = PBXBuildFile; fileRef = AE9C5C0B1691C828000AAC43 /* SVProgressHUD.m */; };
		AEA5C48E168F2EA600D842EE /* MyCustomButton.m in Sources */ = {isa = PBXBuildFile; fileRef = AE850E5E168F0CC200D8F6B7 /* MyCustomButton.m */; };
		AECB2B1D169477F500081C8C /* STDeferred.m in Sources */ = {isa = PBXBuildFile; fileRef = AECB2B1C169477F500081C8C /* STDeferred.m */; };
/* End PBXBuildFile section */

/* Begin PBXContainerItemProxy section */
		AE850E3A168EE9FF00D8F6B7 /* PBXContainerItemProxy */ = {
			isa = PBXContainerItemProxy;
			containerPortal = AE850E0B168EE9FE00D8F6B7 /* Project object */;
			proxyType = 1;
			remoteGlobalIDString = AE850E13168EE9FE00D8F6B7;
			remoteInfo = TapButton;
		};
/* End PBXContainerItemProxy section */

/* Begin PBXFileReference section */
		AE2308B21695824C00355A37 /* AFHTTPClient.h */ = {isa = PBXFileReference; fileEncoding = 4; lastKnownFileType = sourcecode.c.h; path = AFHTTPClient.h; sourceTree = "<group>"; };
		AE2308B31695824C00355A37 /* AFHTTPClient.m */ = {isa = PBXFileReference; fileEncoding = 4; lastKnownFileType = sourcecode.c.objc; path = AFHTTPClient.m; sourceTree = "<group>"; };
		AE2308B41695824C00355A37 /* AFHTTPRequestOperation.h */ = {isa = PBXFileReference; fileEncoding = 4; lastKnownFileType = sourcecode.c.h; path = AFHTTPRequestOperation.h; sourceTree = "<group>"; };
		AE2308B51695824C00355A37 /* AFHTTPRequestOperation.m */ = {isa = PBXFileReference; fileEncoding = 4; lastKnownFileType = sourcecode.c.objc; path = AFHTTPRequestOperation.m; sourceTree = "<group>"; };
		AE2308B61695824C00355A37 /* AFImageRequestOperation.h */ = {isa = PBXFileReference; fileEncoding = 4; lastKnownFileType = sourcecode.c.h; path = AFImageRequestOperation.h; sourceTree = "<group>"; };
		AE2308B71695824C00355A37 /* AFImageRequestOperation.m */ = {isa = PBXFileReference; fileEncoding = 4; lastKnownFileType = sourcecode.c.objc; path = AFImageRequestOperation.m; sourceTree = "<group>"; };
		AE2308B81695824C00355A37 /* AFJSONRequestOperation.h */ = {isa = PBXFileReference; fileEncoding = 4; lastKnownFileType = sourcecode.c.h; path = AFJSONRequestOperation.h; sourceTree = "<group>"; };
		AE2308B91695824C00355A37 /* AFJSONRequestOperation.m */ = {isa = PBXFileReference; fileEncoding = 4; lastKnownFileType = sourcecode.c.objc; path = AFJSONRequestOperation.m; sourceTree = "<group>"; };
		AE2308BA1695824C00355A37 /* AFNetworkActivityIndicatorManager.h */ = {isa = PBXFileReference; fileEncoding = 4; lastKnownFileType = sourcecode.c.h; path = AFNetworkActivityIndicatorManager.h; sourceTree = "<group>"; };
		AE2308BB1695824C00355A37 /* AFNetworkActivityIndicatorManager.m */ = {isa = PBXFileReference; fileEncoding = 4; lastKnownFileType = sourcecode.c.objc; path = AFNetworkActivityIndicatorManager.m; sourceTree = "<group>"; };
		AE2308BC1695824C00355A37 /* AFNetworking.h */ = {isa = PBXFileReference; fileEncoding = 4; lastKnownFileType = sourcecode.c.h; path = AFNetworking.h; sourceTree = "<group>"; };
		AE2308BD1695824C00355A37 /* AFPropertyListRequestOperation.h */ = {isa = PBXFileReference; fileEncoding = 4; lastKnownFileType = sourcecode.c.h; path = AFPropertyListRequestOperation.h; sourceTree = "<group>"; };
		AE2308BE1695824C00355A37 /* AFPropertyListRequestOperation.m */ = {isa = PBXFileReference; fileEncoding = 4; lastKnownFileType = sourcecode.c.objc; path = AFPropertyListRequestOperation.m; sourceTree = "<group>"; };
		AE2308BF1695824C00355A37 /* AFURLConnectionOperation.h */ = {isa = PBXFileReference; fileEncoding = 4; lastKnownFileType = sourcecode.c.h; path = AFURLConnectionOperation.h; sourceTree = "<group>"; };
		AE2308C01695824C00355A37 /* AFURLConnectionOperation.m */ = {isa = PBXFileReference; fileEncoding = 4; lastKnownFileType = sourcecode.c.objc; path = AFURLConnectionOperation.m; sourceTree = "<group>"; };
		AE2308C11695824C00355A37 /* AFXMLRequestOperation.h */ = {isa = PBXFileReference; fileEncoding = 4; lastKnownFileType = sourcecode.c.h; path = AFXMLRequestOperation.h; sourceTree = "<group>"; };
		AE2308C21695824C00355A37 /* AFXMLRequestOperation.m */ = {isa = PBXFileReference; fileEncoding = 4; lastKnownFileType = sourcecode.c.objc; path = AFXMLRequestOperation.m; sourceTree = "<group>"; };
		AE2308C31695824C00355A37 /* UIImageView+AFNetworking.h */ = {isa = PBXFileReference; fileEncoding = 4; lastKnownFileType = sourcecode.c.h; path = "UIImageView+AFNetworking.h"; sourceTree = "<group>"; };
		AE2308C41695824C00355A37 /* UIImageView+AFNetworking.m */ = {isa = PBXFileReference; fileEncoding = 4; lastKnownFileType = sourcecode.c.objc; path = "UIImageView+AFNetworking.m"; sourceTree = "<group>"; };
		AE5CE2081691F6230043CD46 /* arrow_left_24.png */ = {isa = PBXFileReference; lastKnownFileType = image.png; path = arrow_left_24.png; sourceTree = "<group>"; };
		AE5CE2091691F6230043CD46 /* arrow_left_48.png */ = {isa = PBXFileReference; lastKnownFileType = image.png; path = arrow_left_48.png; sourceTree = "<group>"; };
		AE5CE20A1691F6230043CD46 /* arrow_left_64.png */ = {isa = PBXFileReference; lastKnownFileType = image.png; path = arrow_left_64.png; sourceTree = "<group>"; };
		AE5CE21B1691FEA50043CD46 /* GameViewController.h */ = {isa = PBXFileReference; fileEncoding = 4; lastKnownFileType = sourcecode.c.h; path = GameViewController.h; sourceTree = "<group>"; };
		AE5CE21C1691FEA50043CD46 /* GameViewController.m */ = {isa = PBXFileReference; fileEncoding = 4; lastKnownFileType = sourcecode.c.objc; path = GameViewController.m; sourceTree = "<group>"; };
		AE5CE2231692B7910043CD46 /* Configuration.h */ = {isa = PBXFileReference; fileEncoding = 4; lastKnownFileType = sourcecode.c.h; path = Configuration.h; sourceTree = "<group>"; };
		AE5CE2241692B79F0043CD46 /* Configuration.m */ = {isa = PBXFileReference; fileEncoding = 4; lastKnownFileType = sourcecode.c.objc; path = Configuration.m; sourceTree = "<group>"; };
		AE850E14168EE9FE00D8F6B7 /* TapButton.app */ = {isa = PBXFileReference; explicitFileType = wrapper.application; includeInIndex = 0; path = TapButton.app; sourceTree = BUILT_PRODUCTS_DIR; };
		AE850E18168EE9FE00D8F6B7 /* UIKit.framework */ = {isa = PBXFileReference; lastKnownFileType = wrapper.framework; name = UIKit.framework; path = System/Library/Frameworks/UIKit.framework; sourceTree = SDKROOT; };
		AE850E1A168EE9FE00D8F6B7 /* Foundation.framework */ = {isa = PBXFileReference; lastKnownFileType = wrapper.framework; name = Foundation.framework; path = System/Library/Frameworks/Foundation.framework; sourceTree = SDKROOT; };
		AE850E1C168EE9FE00D8F6B7 /* CoreGraphics.framework */ = {isa = PBXFileReference; lastKnownFileType = wrapper.framework; name = CoreGraphics.framework; path = System/Library/Frameworks/CoreGraphics.framework; sourceTree = SDKROOT; };
		AE850E20168EE9FE00D8F6B7 /* TapButton-Info.plist */ = {isa = PBXFileReference; lastKnownFileType = text.plist.xml; path = "TapButton-Info.plist"; sourceTree = "<group>"; };
		AE850E22168EE9FE00D8F6B7 /* en */ = {isa = PBXFileReference; lastKnownFileType = text.plist.strings; name = en; path = en.lproj/InfoPlist.strings; sourceTree = "<group>"; };
		AE850E24168EE9FE00D8F6B7 /* main.m */ = {isa = PBXFileReference; lastKnownFileType = sourcecode.c.objc; path = main.m; sourceTree = "<group>"; };
		AE850E26168EE9FE00D8F6B7 /* TapButton-Prefix.pch */ = {isa = PBXFileReference; lastKnownFileType = sourcecode.c.h; path = "TapButton-Prefix.pch"; sourceTree = "<group>"; };
		AE850E27168EE9FE00D8F6B7 /* AppDelegate.h */ = {isa = PBXFileReference; lastKnownFileType = sourcecode.c.h; path = AppDelegate.h; sourceTree = "<group>"; };
		AE850E28168EE9FE00D8F6B7 /* AppDelegate.m */ = {isa = PBXFileReference; lastKnownFileType = sourcecode.c.objc; path = AppDelegate.m; sourceTree = "<group>"; };
		AE850E2A168EE9FE00D8F6B7 /* Default.png */ = {isa = PBXFileReference; lastKnownFileType = image.png; path = Default.png; sourceTree = "<group>"; };
		AE850E2C168EE9FE00D8F6B7 /* Default@2x.png */ = {isa = PBXFileReference; lastKnownFileType = image.png; path = "Default@2x.png"; sourceTree = "<group>"; };
		AE850E2E168EE9FE00D8F6B7 /* Default-568h@2x.png */ = {isa = PBXFileReference; lastKnownFileType = image.png; path = "Default-568h@2x.png"; sourceTree = "<group>"; };
		AE850E35168EE9FF00D8F6B7 /* TapButtonTests.octest */ = {isa = PBXFileReference; explicitFileType = wrapper.cfbundle; includeInIndex = 0; path = TapButtonTests.octest; sourceTree = BUILT_PRODUCTS_DIR; };
		AE850E36168EE9FF00D8F6B7 /* SenTestingKit.framework */ = {isa = PBXFileReference; lastKnownFileType = wrapper.framework; name = SenTestingKit.framework; path = Library/Frameworks/SenTestingKit.framework; sourceTree = DEVELOPER_DIR; };
		AE850E3E168EE9FF00D8F6B7 /* TapButtonTests-Info.plist */ = {isa = PBXFileReference; lastKnownFileType = text.plist.xml; path = "TapButtonTests-Info.plist"; sourceTree = "<group>"; };
		AE850E40168EE9FF00D8F6B7 /* en */ = {isa = PBXFileReference; lastKnownFileType = text.plist.strings; name = en; path = en.lproj/InfoPlist.strings; sourceTree = "<group>"; };
		AE850E42168EE9FF00D8F6B7 /* TapButtonTests.h */ = {isa = PBXFileReference; lastKnownFileType = sourcecode.c.h; path = TapButtonTests.h; sourceTree = "<group>"; };
		AE850E43168EE9FF00D8F6B7 /* TapButtonTests.m */ = {isa = PBXFileReference; lastKnownFileType = sourcecode.c.objc; path = TapButtonTests.m; sourceTree = "<group>"; };
		AE850E4D168EED7D00D8F6B7 /* MainViewController.h */ = {isa = PBXFileReference; fileEncoding = 4; lastKnownFileType = sourcecode.c.h; path = MainViewController.h; sourceTree = "<group>"; };
		AE850E4E168EED7D00D8F6B7 /* MainViewController.m */ = {isa = PBXFileReference; fileEncoding = 4; lastKnownFileType = sourcecode.c.objc; path = MainViewController.m; sourceTree = "<group>"; };
		AE850E50168EF33000D8F6B7 /* ja */ = {isa = PBXFileReference; lastKnownFileType = text.plist.strings; name = ja; path = ja.lproj/InfoPlist.strings; sourceTree = "<group>"; };
		AE850E51168EF33000D8F6B7 /* ja */ = {isa = PBXFileReference; lastKnownFileType = text.plist.strings; name = ja; path = ja.lproj/InfoPlist.strings; sourceTree = "<group>"; };
		AE850E59168F0BAA00D8F6B7 /* ja */ = {isa = PBXFileReference; lastKnownFileType = text.plist.strings; name = ja; path = ja.lproj/Localizable.strings; sourceTree = "<group>"; };
		AE850E5B168F0BAD00D8F6B7 /* en */ = {isa = PBXFileReference; lastKnownFileType = text.plist.strings; name = en; path = en.lproj/Localizable.strings; sourceTree = "<group>"; };
		AE850E5D168F0CC200D8F6B7 /* MyCustomButton.h */ = {isa = PBXFileReference; fileEncoding = 4; lastKnownFileType = sourcecode.c.h; path = MyCustomButton.h; sourceTree = "<group>"; };
		AE850E5E168F0CC200D8F6B7 /* MyCustomButton.m */ = {isa = PBXFileReference; fileEncoding = 4; lastKnownFileType = sourcecode.c.objc; path = MyCustomButton.m; sourceTree = "<group>"; };
		AE850E60168F0D5E00D8F6B7 /* AboutViewController.h */ = {isa = PBXFileReference; fileEncoding = 4; lastKnownFileType = sourcecode.c.h; path = AboutViewController.h; sourceTree = "<group>"; };
		AE850E61168F0D5E00D8F6B7 /* AboutViewController.m */ = {isa = PBXFileReference; fileEncoding = 4; lastKnownFileType = sourcecode.c.objc; path = AboutViewController.m; sourceTree = "<group>"; };
		AE850E63168F0D9900D8F6B7 /* iAd.framework */ = {isa = PBXFileReference; lastKnownFileType = wrapper.framework; name = iAd.framework; path = System/Library/Frameworks/iAd.framework; sourceTree = SDKROOT; };
		AE850E65168F0EC800D8F6B7 /* Const.h */ = {isa = PBXFileReference; fileEncoding = 4; lastKnownFileType = sourcecode.c.h; path = Const.h; sourceTree = "<group>"; };
		AE974CF51690534F0089D621 /* RankingViewController.h */ = {isa = PBXFileReference; fileEncoding = 4; lastKnownFileType = sourcecode.c.h; path = RankingViewController.h; sourceTree = "<group>"; };
		AE974CF61690534F0089D621 /* RankingViewController.m */ = {isa = PBXFileReference; fileEncoding = 4; lastKnownFileType = sourcecode.c.objc; path = RankingViewController.m; sourceTree = "<group>"; };
		AE974CFF169188220089D621 /* QuartzCore.framework */ = {isa = PBXFileReference; lastKnownFileType = wrapper.framework; name = QuartzCore.framework; path = System/Library/Frameworks/QuartzCore.framework; sourceTree = SDKROOT; };
		AE9C5C091691C828000AAC43 /* SVProgressHUD.bundle */ = {isa = PBXFileReference; lastKnownFileType = "wrapper.plug-in"; path = SVProgressHUD.bundle; sourceTree = "<group>"; };
		AE9C5C0A1691C828000AAC43 /* SVProgressHUD.h */ = {isa = PBXFileReference; fileEncoding = 4; lastKnownFileType = sourcecode.c.h; path = SVProgressHUD.h; sourceTree = "<group>"; };
		AE9C5C0B1691C828000AAC43 /* SVProgressHUD.m */ = {isa = PBXFileReference; fileEncoding = 4; lastKnownFileType = sourcecode.c.objc; path = SVProgressHUD.m; sourceTree = "<group>"; };
		AECB2B1A169477F500081C8C /* STDeferred-Prefix.pch */ = {isa = PBXFileReference; fileEncoding = 4; lastKnownFileType = sourcecode.c.h; path = "STDeferred-Prefix.pch"; sourceTree = "<group>"; };
		AECB2B1B169477F500081C8C /* STDeferred.h */ = {isa = PBXFileReference; fileEncoding = 4; lastKnownFileType = sourcecode.c.h; path = STDeferred.h; sourceTree = "<group>"; };
		AECB2B1C169477F500081C8C /* STDeferred.m */ = {isa = PBXFileReference; fileEncoding = 4; lastKnownFileType = sourcecode.c.objc; path = STDeferred.m; sourceTree = "<group>"; };
/* End PBXFileReference section */

/* Begin PBXFrameworksBuildPhase section */
		AE850E11168EE9FE00D8F6B7 /* Frameworks */ = {
			isa = PBXFrameworksBuildPhase;
			buildActionMask = 2147483647;
			files = (
				AE974D01169188380089D621 /* QuartzCore.framework in Frameworks */,
				AE850E64168F0D9900D8F6B7 /* iAd.framework in Frameworks */,
				AE850E19168EE9FE00D8F6B7 /* UIKit.framework in Frameworks */,
				AE850E1B168EE9FE00D8F6B7 /* Foundation.framework in Frameworks */,
				AE850E1D168EE9FE00D8F6B7 /* CoreGraphics.framework in Frameworks */,
			);
			runOnlyForDeploymentPostprocessing = 0;
		};
		AE850E31168EE9FF00D8F6B7 /* Frameworks */ = {
			isa = PBXFrameworksBuildPhase;
			buildActionMask = 2147483647;
			files = (
				AE850E37168EE9FF00D8F6B7 /* SenTestingKit.framework in Frameworks */,
				AE850E38168EE9FF00D8F6B7 /* UIKit.framework in Frameworks */,
				AE850E39168EE9FF00D8F6B7 /* Foundation.framework in Frameworks */,
			);
			runOnlyForDeploymentPostprocessing = 0;
		};
/* End PBXFrameworksBuildPhase section */

/* Begin PBXGroup section */
		AE2308B11695824C00355A37 /* AFNetworking */ = {
			isa = PBXGroup;
			children = (
				AE2308B21695824C00355A37 /* AFHTTPClient.h */,
				AE2308B31695824C00355A37 /* AFHTTPClient.m */,
				AE2308B41695824C00355A37 /* AFHTTPRequestOperation.h */,
				AE2308B51695824C00355A37 /* AFHTTPRequestOperation.m */,
				AE2308B61695824C00355A37 /* AFImageRequestOperation.h */,
				AE2308B71695824C00355A37 /* AFImageRequestOperation.m */,
				AE2308B81695824C00355A37 /* AFJSONRequestOperation.h */,
				AE2308B91695824C00355A37 /* AFJSONRequestOperation.m */,
				AE2308BA1695824C00355A37 /* AFNetworkActivityIndicatorManager.h */,
				AE2308BB1695824C00355A37 /* AFNetworkActivityIndicatorManager.m */,
				AE2308BC1695824C00355A37 /* AFNetworking.h */,
				AE2308BD1695824C00355A37 /* AFPropertyListRequestOperation.h */,
				AE2308BE1695824C00355A37 /* AFPropertyListRequestOperation.m */,
				AE2308BF1695824C00355A37 /* AFURLConnectionOperation.h */,
				AE2308C01695824C00355A37 /* AFURLConnectionOperation.m */,
				AE2308C11695824C00355A37 /* AFXMLRequestOperation.h */,
				AE2308C21695824C00355A37 /* AFXMLRequestOperation.m */,
				AE2308C31695824C00355A37 /* UIImageView+AFNetworking.h */,
				AE2308C41695824C00355A37 /* UIImageView+AFNetworking.m */,
			);
			path = AFNetworking;
			sourceTree = "<group>";
		};
		AE5CE2071691F6230043CD46 /* Images */ = {
			isa = PBXGroup;
			children = (
				AE5CE2081691F6230043CD46 /* arrow_left_24.png */,
				AE5CE2091691F6230043CD46 /* arrow_left_48.png */,
				AE5CE20A1691F6230043CD46 /* arrow_left_64.png */,
			);
			path = Images;
			sourceTree = "<group>";
		};
		AE5CE2221692B7750043CD46 /* Utility */ = {
			isa = PBXGroup;
			children = (
				AE5CE2231692B7910043CD46 /* Configuration.h */,
				AE5CE2241692B79F0043CD46 /* Configuration.m */,
			);
			name = Utility;
			sourceTree = "<group>";
		};
		AE850E09168EE9FE00D8F6B7 = {
			isa = PBXGroup;
			children = (
				AE850E1E168EE9FE00D8F6B7 /* TapButton */,
				AE850E3C168EE9FF00D8F6B7 /* TapButtonTests */,
				AE850E17168EE9FE00D8F6B7 /* Frameworks */,
				AE850E15168EE9FE00D8F6B7 /* Products */,
			);
			sourceTree = "<group>";
		};
		AE850E15168EE9FE00D8F6B7 /* Products */ = {
			isa = PBXGroup;
			children = (
				AE850E14168EE9FE00D8F6B7 /* TapButton.app */,
				AE850E35168EE9FF00D8F6B7 /* TapButtonTests.octest */,
			);
			name = Products;
			sourceTree = "<group>";
		};
		AE850E17168EE9FE00D8F6B7 /* Frameworks */ = {
			isa = PBXGroup;
			children = (
				AE974CFF169188220089D621 /* QuartzCore.framework */,
				AE850E63168F0D9900D8F6B7 /* iAd.framework */,
				AE850E18168EE9FE00D8F6B7 /* UIKit.framework */,
				AE850E1A168EE9FE00D8F6B7 /* Foundation.framework */,
				AE850E1C168EE9FE00D8F6B7 /* CoreGraphics.framework */,
				AE850E36168EE9FF00D8F6B7 /* SenTestingKit.framework */,
			);
			name = Frameworks;
			sourceTree = "<group>";
		};
		AE850E1E168EE9FE00D8F6B7 /* TapButton */ = {
			isa = PBXGroup;
			children = (
				AE850E27168EE9FE00D8F6B7 /* AppDelegate.h */,
				AE850E28168EE9FE00D8F6B7 /* AppDelegate.m */,
				AE850E4D168EED7D00D8F6B7 /* MainViewController.h */,
				AE850E4E168EED7D00D8F6B7 /* MainViewController.m */,
				AE850E60168F0D5E00D8F6B7 /* AboutViewController.h */,
				AE850E61168F0D5E00D8F6B7 /* AboutViewController.m */,
				AE974CF51690534F0089D621 /* RankingViewController.h */,
				AE974CF61690534F0089D621 /* RankingViewController.m */,
				AE5CE21B1691FEA50043CD46 /* GameViewController.h */,
				AE5CE21C1691FEA50043CD46 /* GameViewController.m */,
				AE850E65168F0EC800D8F6B7 /* Const.h */,
				AE2308B11695824C00355A37 /* AFNetworking */,
				AE5CE2221692B7750043CD46 /* Utility */,
				AE5CE2071691F6230043CD46 /* Images */,
				AECB2B19169477F500081C8C /* STDeferred */,
				AE9C5C081691C828000AAC43 /* SVProgressHUD */,
				AE850E5C168F0C8D00D8F6B7 /* UICustomView */,
				AE850E1F168EE9FE00D8F6B7 /* Supporting Files */,
			);
			path = TapButton;
			sourceTree = "<group>";
		};
		AE850E1F168EE9FE00D8F6B7 /* Supporting Files */ = {
			isa = PBXGroup;
			children = (
				AE850E20168EE9FE00D8F6B7 /* TapButton-Info.plist */,
				AE850E21168EE9FE00D8F6B7 /* InfoPlist.strings */,
				AE850E5A168F0BAA00D8F6B7 /* Localizable.strings */,
				AE850E24168EE9FE00D8F6B7 /* main.m */,
				AE850E26168EE9FE00D8F6B7 /* TapButton-Prefix.pch */,
				AE850E2A168EE9FE00D8F6B7 /* Default.png */,
				AE850E2C168EE9FE00D8F6B7 /* Default@2x.png */,
				AE850E2E168EE9FE00D8F6B7 /* Default-568h@2x.png */,
			);
			name = "Supporting Files";
			sourceTree = "<group>";
		};
		AE850E3C168EE9FF00D8F6B7 /* TapButtonTests */ = {
			isa = PBXGroup;
			children = (
				AE850E42168EE9FF00D8F6B7 /* TapButtonTests.h */,
				AE850E43168EE9FF00D8F6B7 /* TapButtonTests.m */,
				AE850E3D168EE9FF00D8F6B7 /* Supporting Files */,
			);
			path = TapButtonTests;
			sourceTree = "<group>";
		};
		AE850E3D168EE9FF00D8F6B7 /* Supporting Files */ = {
			isa = PBXGroup;
			children = (
				AE850E3E168EE9FF00D8F6B7 /* TapButtonTests-Info.plist */,
				AE850E3F168EE9FF00D8F6B7 /* InfoPlist.strings */,
			);
			name = "Supporting Files";
			sourceTree = "<group>";
		};
		AE850E5C168F0C8D00D8F6B7 /* UICustomView */ = {
			isa = PBXGroup;
			children = (
				AE850E5D168F0CC200D8F6B7 /* MyCustomButton.h */,
				AE850E5E168F0CC200D8F6B7 /* MyCustomButton.m */,
			);
			name = UICustomView;
			sourceTree = "<group>";
		};
		AE9C5C081691C828000AAC43 /* SVProgressHUD */ = {
			isa = PBXGroup;
			children = (
				AE9C5C091691C828000AAC43 /* SVProgressHUD.bundle */,
				AE9C5C0A1691C828000AAC43 /* SVProgressHUD.h */,
				AE9C5C0B1691C828000AAC43 /* SVProgressHUD.m */,
			);
			path = SVProgressHUD;
			sourceTree = "<group>";
		};
		AECB2B19169477F500081C8C /* STDeferred */ = {
			isa = PBXGroup;
			children = (
				AECB2B1A169477F500081C8C /* STDeferred-Prefix.pch */,
				AECB2B1B169477F500081C8C /* STDeferred.h */,
				AECB2B1C169477F500081C8C /* STDeferred.m */,
			);
			path = STDeferred;
			sourceTree = "<group>";
		};
/* End PBXGroup section */

/* Begin PBXNativeTarget section */
		AE850E13168EE9FE00D8F6B7 /* TapButton */ = {
			isa = PBXNativeTarget;
			buildConfigurationList = AE850E47168EE9FF00D8F6B7 /* Build configuration list for PBXNativeTarget "TapButton" */;
			buildPhases = (
				AE850E10168EE9FE00D8F6B7 /* Sources */,
				AE850E11168EE9FE00D8F6B7 /* Frameworks */,
				AE850E12168EE9FE00D8F6B7 /* Resources */,
			);
			buildRules = (
			);
			dependencies = (
			);
			name = TapButton;
			productName = TapButton;
			productReference = AE850E14168EE9FE00D8F6B7 /* TapButton.app */;
			productType = "com.apple.product-type.application";
		};
		AE850E34168EE9FF00D8F6B7 /* TapButtonTests */ = {
			isa = PBXNativeTarget;
			buildConfigurationList = AE850E4A168EE9FF00D8F6B7 /* Build configuration list for PBXNativeTarget "TapButtonTests" */;
			buildPhases = (
				AE850E30168EE9FF00D8F6B7 /* Sources */,
				AE850E31168EE9FF00D8F6B7 /* Frameworks */,
				AE850E32168EE9FF00D8F6B7 /* Resources */,
				AE850E33168EE9FF00D8F6B7 /* ShellScript */,
			);
			buildRules = (
			);
			dependencies = (
				AE850E3B168EE9FF00D8F6B7 /* PBXTargetDependency */,
			);
			name = TapButtonTests;
			productName = TapButtonTests;
			productReference = AE850E35168EE9FF00D8F6B7 /* TapButtonTests.octest */;
			productType = "com.apple.product-type.bundle";
		};
/* End PBXNativeTarget section */

/* Begin PBXProject section */
		AE850E0B168EE9FE00D8F6B7 /* Project object */ = {
			isa = PBXProject;
			attributes = {
				LastUpgradeCheck = 0450;
				ORGANIZATIONNAME = "tatsuya endo";
			};
			buildConfigurationList = AE850E0E168EE9FE00D8F6B7 /* Build configuration list for PBXProject "TapButton" */;
			compatibilityVersion = "Xcode 3.2";
			developmentRegion = English;
			hasScannedForEncodings = 0;
			knownRegions = (
				en,
				ja,
			);
			mainGroup = AE850E09168EE9FE00D8F6B7;
			productRefGroup = AE850E15168EE9FE00D8F6B7 /* Products */;
			projectDirPath = "";
			projectRoot = "";
			targets = (
				AE850E13168EE9FE00D8F6B7 /* TapButton */,
				AE850E34168EE9FF00D8F6B7 /* TapButtonTests */,
			);
		};
/* End PBXProject section */

/* Begin PBXResourcesBuildPhase section */
		AE850E12168EE9FE00D8F6B7 /* Resources */ = {
			isa = PBXResourcesBuildPhase;
			buildActionMask = 2147483647;
			files = (
				AE850E23168EE9FE00D8F6B7 /* InfoPlist.strings in Resources */,
				AE850E2B168EE9FE00D8F6B7 /* Default.png in Resources */,
				AE850E2D168EE9FE00D8F6B7 /* Default@2x.png in Resources */,
				AE850E2F168EE9FE00D8F6B7 /* Default-568h@2x.png in Resources */,
				AE850E58168F0BAA00D8F6B7 /* Localizable.strings in Resources */,
				AE9C5C0C1691C828000AAC43 /* SVProgressHUD.bundle in Resources */,
				AE5CE2111691F6230043CD46 /* arrow_left_24.png in Resources */,
				AE5CE2121691F6230043CD46 /* arrow_left_48.png in Resources */,
				AE5CE2131691F6230043CD46 /* arrow_left_64.png in Resources */,
			);
			runOnlyForDeploymentPostprocessing = 0;
		};
		AE850E32168EE9FF00D8F6B7 /* Resources */ = {
			isa = PBXResourcesBuildPhase;
			buildActionMask = 2147483647;
			files = (
				AE850E41168EE9FF00D8F6B7 /* InfoPlist.strings in Resources */,
			);
			runOnlyForDeploymentPostprocessing = 0;
		};
/* End PBXResourcesBuildPhase section */

/* Begin PBXShellScriptBuildPhase section */
		AE850E33168EE9FF00D8F6B7 /* ShellScript */ = {
			isa = PBXShellScriptBuildPhase;
			buildActionMask = 2147483647;
			files = (
			);
			inputPaths = (
			);
			outputPaths = (
			);
			runOnlyForDeploymentPostprocessing = 0;
			shellPath = /bin/sh;
			shellScript = "# Run the unit tests in this test bundle.\n\"${SYSTEM_DEVELOPER_DIR}/Tools/RunUnitTests\"\n";
		};
/* End PBXShellScriptBuildPhase section */

/* Begin PBXSourcesBuildPhase section */
		AE850E10168EE9FE00D8F6B7 /* Sources */ = {
			isa = PBXSourcesBuildPhase;
			buildActionMask = 2147483647;
			files = (
				AE850E25168EE9FE00D8F6B7 /* main.m in Sources */,
				AE850E29168EE9FE00D8F6B7 /* AppDelegate.m in Sources */,
				AE850E4F168EED7D00D8F6B7 /* MainViewController.m in Sources */,
				AE850E62168F0D5E00D8F6B7 /* AboutViewController.m in Sources */,
				AEA5C48E168F2EA600D842EE /* MyCustomButton.m in Sources */,
				AE974CF71690534F0089D621 /* RankingViewController.m in Sources */,
				AE9C5C0D1691C828000AAC43 /* SVProgressHUD.m in Sources */,
				AE5CE21D1691FEA50043CD46 /* GameViewController.m in Sources */,
				AE5CE2251692B79F0043CD46 /* Configuration.m in Sources */,
				AECB2B1D169477F500081C8C /* STDeferred.m in Sources */,
				AE2308C51695824C00355A37 /* AFHTTPClient.m in Sources */,
				AE2308C61695824C00355A37 /* AFHTTPRequestOperation.m in Sources */,
				AE2308C71695824C00355A37 /* AFImageRequestOperation.m in Sources */,
				AE2308C81695824C00355A37 /* AFJSONRequestOperation.m in Sources */,
				AE2308C91695824C00355A37 /* AFNetworkActivityIndicatorManager.m in Sources */,
				AE2308CA1695824C00355A37 /* AFPropertyListRequestOperation.m in Sources */,
				AE2308CB1695824C00355A37 /* AFURLConnectionOperation.m in Sources */,
				AE2308CC1695824C00355A37 /* AFXMLRequestOperation.m in Sources */,
				AE2308CD1695824C00355A37 /* UIImageView+AFNetworking.m in Sources */,
			);
			runOnlyForDeploymentPostprocessing = 0;
		};
		AE850E30168EE9FF00D8F6B7 /* Sources */ = {
			isa = PBXSourcesBuildPhase;
			buildActionMask = 2147483647;
			files = (
				AE850E44168EE9FF00D8F6B7 /* TapButtonTests.m in Sources */,
			);
			runOnlyForDeploymentPostprocessing = 0;
		};
/* End PBXSourcesBuildPhase section */

/* Begin PBXTargetDependency section */
		AE850E3B168EE9FF00D8F6B7 /* PBXTargetDependency */ = {
			isa = PBXTargetDependency;
			target = AE850E13168EE9FE00D8F6B7 /* TapButton */;
			targetProxy = AE850E3A168EE9FF00D8F6B7 /* PBXContainerItemProxy */;
		};
/* End PBXTargetDependency section */

/* Begin PBXVariantGroup section */
		AE850E21168EE9FE00D8F6B7 /* InfoPlist.strings */ = {
			isa = PBXVariantGroup;
			children = (
				AE850E22168EE9FE00D8F6B7 /* en */,
				AE850E50168EF33000D8F6B7 /* ja */,
			);
			name = InfoPlist.strings;
			sourceTree = "<group>";
		};
		AE850E3F168EE9FF00D8F6B7 /* InfoPlist.strings */ = {
			isa = PBXVariantGroup;
			children = (
				AE850E40168EE9FF00D8F6B7 /* en */,
				AE850E51168EF33000D8F6B7 /* ja */,
			);
			name = InfoPlist.strings;
			sourceTree = "<group>";
		};
		AE850E5A168F0BAA00D8F6B7 /* Localizable.strings */ = {
			isa = PBXVariantGroup;
			children = (
				AE850E59168F0BAA00D8F6B7 /* ja */,
				AE850E5B168F0BAD00D8F6B7 /* en */,
			);
			name = Localizable.strings;
			sourceTree = "<group>";
		};
/* End PBXVariantGroup section */

/* Begin XCBuildConfiguration section */
		AE850E45168EE9FF00D8F6B7 /* Debug */ = {
			isa = XCBuildConfiguration;
			buildSettings = {
				ALWAYS_SEARCH_USER_PATHS = NO;
				CLANG_CXX_LANGUAGE_STANDARD = "gnu++0x";
				CLANG_CXX_LIBRARY = "libc++";
				CLANG_ENABLE_OBJC_ARC = YES;
				CLANG_WARN_EMPTY_BODY = YES;
				CLANG_WARN__DUPLICATE_METHOD_MATCH = YES;
				"CODE_SIGN_IDENTITY[sdk=iphoneos*]" = "iPhone Developer";
				COPY_PHASE_STRIP = NO;
				GCC_C_LANGUAGE_STANDARD = gnu99;
				GCC_DYNAMIC_NO_PIC = NO;
				GCC_OPTIMIZATION_LEVEL = 0;
				GCC_PREPROCESSOR_DEFINITIONS = (
					"DEBUG=1",
					"$(inherited)",
				);
				GCC_SYMBOLS_PRIVATE_EXTERN = NO;
				GCC_WARN_ABOUT_RETURN_TYPE = YES;
				GCC_WARN_UNINITIALIZED_AUTOS = YES;
				GCC_WARN_UNUSED_VARIABLE = YES;
				IPHONEOS_DEPLOYMENT_TARGET = 6.0;
				ONLY_ACTIVE_ARCH = YES;
				SDKROOT = iphoneos;
				TARGETED_DEVICE_FAMILY = "1,2";
			};
			name = Debug;
		};
		AE850E46168EE9FF00D8F6B7 /* Release */ = {
			isa = XCBuildConfiguration;
			buildSettings = {
				ALWAYS_SEARCH_USER_PATHS = NO;
				CLANG_CXX_LANGUAGE_STANDARD = "gnu++0x";
				CLANG_CXX_LIBRARY = "libc++";
				CLANG_ENABLE_OBJC_ARC = YES;
				CLANG_WARN_EMPTY_BODY = YES;
				CLANG_WARN__DUPLICATE_METHOD_MATCH = YES;
				"CODE_SIGN_IDENTITY[sdk=iphoneos*]" = "iPhone Developer";
				COPY_PHASE_STRIP = YES;
				GCC_C_LANGUAGE_STANDARD = gnu99;
				GCC_WARN_ABOUT_RETURN_TYPE = YES;
				GCC_WARN_UNINITIALIZED_AUTOS = YES;
				GCC_WARN_UNUSED_VARIABLE = YES;
				IPHONEOS_DEPLOYMENT_TARGET = 6.0;
				OTHER_CFLAGS = "-DNS_BLOCK_ASSERTIONS=1";
				SDKROOT = iphoneos;
				TARGETED_DEVICE_FAMILY = "1,2";
				VALIDATE_PRODUCT = YES;
			};
			name = Release;
		};
		AE850E48168EE9FF00D8F6B7 /* Debug */ = {
			isa = XCBuildConfiguration;
			buildSettings = {
				CLANG_ENABLE_OBJC_ARC = YES;
				GCC_PRECOMPILE_PREFIX_HEADER = YES;
				GCC_PREFIX_HEADER = "TapButton/TapButton-Prefix.pch";
				INFOPLIST_FILE = "TapButton/TapButton-Info.plist";
				IPHONEOS_DEPLOYMENT_TARGET = 5.1;
				PRODUCT_NAME = "$(TARGET_NAME)";
				WRAPPER_EXTENSION = app;
			};
			name = Debug;
		};
		AE850E49168EE9FF00D8F6B7 /* Release */ = {
			isa = XCBuildConfiguration;
			buildSettings = {
				CLANG_ENABLE_OBJC_ARC = YES;
				GCC_PRECOMPILE_PREFIX_HEADER = YES;
				GCC_PREFIX_HEADER = "TapButton/TapButton-Prefix.pch";
				INFOPLIST_FILE = "TapButton/TapButton-Info.plist";
				IPHONEOS_DEPLOYMENT_TARGET = 5.1;
				PRODUCT_NAME = "$(TARGET_NAME)";
				WRAPPER_EXTENSION = app;
			};
			name = Release;
		};
		AE850E4B168EE9FF00D8F6B7 /* Debug */ = {
			isa = XCBuildConfiguration;
			buildSettings = {
				BUNDLE_LOADER = "$(BUILT_PRODUCTS_DIR)/TapButton.app/TapButton";
				FRAMEWORK_SEARCH_PATHS = (
					"\"$(SDKROOT)/Developer/Library/Frameworks\"",
					"\"$(DEVELOPER_LIBRARY_DIR)/Frameworks\"",
				);
				GCC_PRECOMPILE_PREFIX_HEADER = YES;
				GCC_PREFIX_HEADER = "TapButton/TapButton-Prefix.pch";
				INFOPLIST_FILE = "TapButtonTests/TapButtonTests-Info.plist";
				PRODUCT_NAME = "$(TARGET_NAME)";
				TEST_HOST = "$(BUNDLE_LOADER)";
				WRAPPER_EXTENSION = octest;
			};
			name = Debug;
		};
		AE850E4C168EE9FF00D8F6B7 /* Release */ = {
			isa = XCBuildConfiguration;
			buildSettings = {
				BUNDLE_LOADER = "$(BUILT_PRODUCTS_DIR)/TapButton.app/TapButton";
				FRAMEWORK_SEARCH_PATHS = (
					"\"$(SDKROOT)/Developer/Library/Frameworks\"",
					"\"$(DEVELOPER_LIBRARY_DIR)/Frameworks\"",
				);
				GCC_PRECOMPILE_PREFIX_HEADER = YES;
				GCC_PREFIX_HEADER = "TapButton/TapButton-Prefix.pch";
				INFOPLIST_FILE = "TapButtonTests/TapButtonTests-Info.plist";
				PRODUCT_NAME = "$(TARGET_NAME)";
				TEST_HOST = "$(BUNDLE_LOADER)";
				WRAPPER_EXTENSION = octest;
			};
			name = Release;
		};
/* End XCBuildConfiguration section */

/* Begin XCConfigurationList section */
		AE850E0E168EE9FE00D8F6B7 /* Build configuration list for PBXProject "TapButton" */ = {
			isa = XCConfigurationList;
			buildConfigurations = (
				AE850E45168EE9FF00D8F6B7 /* Debug */,
				AE850E46168EE9FF00D8F6B7 /* Release */,
			);
			defaultConfigurationIsVisible = 0;
			defaultConfigurationName = Release;
		};
		AE850E47168EE9FF00D8F6B7 /* Build configuration list for PBXNativeTarget "TapButton" */ = {
			isa = XCConfigurationList;
			buildConfigurations = (
				AE850E48168EE9FF00D8F6B7 /* Debug */,
				AE850E49168EE9FF00D8F6B7 /* Release */,
			);
			defaultConfigurationIsVisible = 0;
			defaultConfigurationName = Release;
		};
		AE850E4A168EE9FF00D8F6B7 /* Build configuration list for PBXNativeTarget "TapButtonTests" */ = {
			isa = XCConfigurationList;
			buildConfigurations = (
				AE850E4B168EE9FF00D8F6B7 /* Debug */,
				AE850E4C168EE9FF00D8F6B7 /* Release */,
			);
			defaultConfigurationIsVisible = 0;
			defaultConfigurationName = Release;
		};
/* End XCConfigurationList section */
	};
	rootObject = AE850E0B168EE9FE00D8F6B7 /* Project object */;
}
